// !$*UTF8*$!
{
	archiveVersion = 1;
	classes = {
	};
	objectVersion = 48;
	objects = {

/* Begin PBXBuildFile section */
		6BC48F381FE7BF820047BA55 /* AppDelegate.swift in Sources */ = {isa = PBXBuildFile; fileRef = 6BC48F371FE7BF820047BA55 /* AppDelegate.swift */; };
		6BC48F3A1FE7BF820047BA55 /* ViewController.swift in Sources */ = {isa = PBXBuildFile; fileRef = 6BC48F391FE7BF820047BA55 /* ViewController.swift */; };
		6BC48F3D1FE7BF820047BA55 /* Main.storyboard in Resources */ = {isa = PBXBuildFile; fileRef = 6BC48F3B1FE7BF820047BA55 /* Main.storyboard */; };
		6BC48F3F1FE7BF820047BA55 /* Assets.xcassets in Resources */ = {isa = PBXBuildFile; fileRef = 6BC48F3E1FE7BF820047BA55 /* Assets.xcassets */; };
		6BC48F421FE7BF820047BA55 /* LaunchScreen.storyboard in Resources */ = {isa = PBXBuildFile; fileRef = 6BC48F401FE7BF820047BA55 /* LaunchScreen.storyboard */; };
		6BC48F4C1FE7C2AE0047BA55 /* TodoViewModel.swift in Sources */ = {isa = PBXBuildFile; fileRef = 6BC48F4B1FE7C2AE0047BA55 /* TodoViewModel.swift */; };
		6BC48F511FE7C95E0047BA55 /* TodoItemCell.swift in Sources */ = {isa = PBXBuildFile; fileRef = 6BC48F4F1FE7C95E0047BA55 /* TodoItemCell.swift */; };
		6BC48F521FE7C95E0047BA55 /* TodoItemCell.xib in Resources */ = {isa = PBXBuildFile; fileRef = 6BC48F501FE7C95E0047BA55 /* TodoItemCell.xib */; };
		6BC48F581FEE0C520047BA55 /* Protocal.swift in Sources */ = {isa = PBXBuildFile; fileRef = 6BC48F571FEE0C520047BA55 /* Protocal.swift */; };
		6BC48F5A1FEE13B40047BA55 /* Theme.xcassets in Resources */ = {isa = PBXBuildFile; fileRef = 6BC48F591FEE13B40047BA55 /* Theme.xcassets */; };
/* End PBXBuildFile section */

/* Begin PBXFileReference section */
		6BC48F341FE7BF820047BA55 /* MVVM-Practice2.app */ = {isa = PBXFileReference; explicitFileType = wrapper.application; includeInIndex = 0; path = "MVVM-Practice2.app"; sourceTree = BUILT_PRODUCTS_DIR; };
		6BC48F371FE7BF820047BA55 /* AppDelegate.swift */ = {isa = PBXFileReference; lastKnownFileType = sourcecode.swift; path = AppDelegate.swift; sourceTree = "<group>"; };
		6BC48F391FE7BF820047BA55 /* ViewController.swift */ = {isa = PBXFileReference; lastKnownFileType = sourcecode.swift; path = ViewController.swift; sourceTree = "<group>"; };
		6BC48F3C1FE7BF820047BA55 /* Base */ = {isa = PBXFileReference; lastKnownFileType = file.storyboard; name = Base; path = Base.lproj/Main.storyboard; sourceTree = "<group>"; };
		6BC48F3E1FE7BF820047BA55 /* Assets.xcassets */ = {isa = PBXFileReference; lastKnownFileType = folder.assetcatalog; path = Assets.xcassets; sourceTree = "<group>"; };
		6BC48F411FE7BF820047BA55 /* Base */ = {isa = PBXFileReference; lastKnownFileType = file.storyboard; name = Base; path = Base.lproj/LaunchScreen.storyboard; sourceTree = "<group>"; };
		6BC48F431FE7BF820047BA55 /* Info.plist */ = {isa = PBXFileReference; lastKnownFileType = text.plist.xml; path = Info.plist; sourceTree = "<group>"; };
		6BC48F4B1FE7C2AE0047BA55 /* TodoViewModel.swift */ = {isa = PBXFileReference; lastKnownFileType = sourcecode.swift; path = TodoViewModel.swift; sourceTree = "<group>"; };
		6BC48F4F1FE7C95E0047BA55 /* TodoItemCell.swift */ = {isa = PBXFileReference; lastKnownFileType = sourcecode.swift; path = TodoItemCell.swift; sourceTree = "<group>"; };
		6BC48F501FE7C95E0047BA55 /* TodoItemCell.xib */ = {isa = PBXFileReference; lastKnownFileType = file.xib; path = TodoItemCell.xib; sourceTree = "<group>"; };
		6BC48F571FEE0C520047BA55 /* Protocal.swift */ = {isa = PBXFileReference; lastKnownFileType = sourcecode.swift; path = Protocal.swift; sourceTree = "<group>"; };
		6BC48F591FEE13B40047BA55 /* Theme.xcassets */ = {isa = PBXFileReference; lastKnownFileType = folder.assetcatalog; path = Theme.xcassets; sourceTree = "<group>"; };
/* End PBXFileReference section */

/* Begin PBXFrameworksBuildPhase section */
		6BC48F311FE7BF820047BA55 /* Frameworks */ = {
			isa = PBXFrameworksBuildPhase;
			buildActionMask = 2147483647;
			files = (
			);
			runOnlyForDeploymentPostprocessing = 0;
		};
/* End PBXFrameworksBuildPhase section */

/* Begin PBXGroup section */
		6BC48F2B1FE7BF820047BA55 = {
			isa = PBXGroup;
			children = (
				6BC48F361FE7BF820047BA55 /* MVVM-Practice2 */,
				6BC48F351FE7BF820047BA55 /* Products */,
			);
			sourceTree = "<group>";
		};
		6BC48F351FE7BF820047BA55 /* Products */ = {
			isa = PBXGroup;
			children = (
				6BC48F341FE7BF820047BA55 /* MVVM-Practice2.app */,
			);
			name = Products;
			sourceTree = "<group>";
		};
		6BC48F361FE7BF820047BA55 /* MVVM-Practice2 */ = {
			isa = PBXGroup;
			children = (
				6BC48F561FE8ED6A0047BA55 /* ViewModel */,
				6BC48F551FE8ED590047BA55 /* VC */,
				6BC48F541FE8ED3E0047BA55 /* View */,
				6BC48F531FE8ED2C0047BA55 /* System */,
				6BC48F3B1FE7BF820047BA55 /* Main.storyboard */,
				6BC48F401FE7BF820047BA55 /* LaunchScreen.storyboard */,
				6BC48F591FEE13B40047BA55 /* Theme.xcassets */,
			);
			path = "MVVM-Practice2";
			sourceTree = "<group>";
		};
		6BC48F531FE8ED2C0047BA55 /* System */ = {
			isa = PBXGroup;
			children = (
				6BC48F371FE7BF820047BA55 /* AppDelegate.swift */,
				6BC48F3E1FE7BF820047BA55 /* Assets.xcassets */,
				6BC48F431FE7BF820047BA55 /* Info.plist */,
			);
			path = System;
			sourceTree = "<group>";
		};
		6BC48F541FE8ED3E0047BA55 /* View */ = {
			isa = PBXGroup;
			children = (
				6BC48F4F1FE7C95E0047BA55 /* TodoItemCell.swift */,
				6BC48F501FE7C95E0047BA55 /* TodoItemCell.xib */,
			);
			path = View;
			sourceTree = "<group>";
		};
		6BC48F551FE8ED590047BA55 /* VC */ = {
			isa = PBXGroup;
			children = (
				6BC48F391FE7BF820047BA55 /* ViewController.swift */,
			);
			path = VC;
			sourceTree = "<group>";
		};
		6BC48F561FE8ED6A0047BA55 /* ViewModel */ = {
			isa = PBXGroup;
			children = (
				6BC48F4B1FE7C2AE0047BA55 /* TodoViewModel.swift */,
				6BC48F571FEE0C520047BA55 /* Protocal.swift */,
			);
			path = ViewModel;
			sourceTree = "<group>";
		};
/* End PBXGroup section */

/* Begin PBXNativeTarget section */
		6BC48F331FE7BF820047BA55 /* MVVM-Practice2 */ = {
			isa = PBXNativeTarget;
			buildConfigurationList = 6BC48F461FE7BF820047BA55 /* Build configuration list for PBXNativeTarget "MVVM-Practice2" */;
			buildPhases = (
				6BC48F301FE7BF820047BA55 /* Sources */,
				6BC48F311FE7BF820047BA55 /* Frameworks */,
				6BC48F321FE7BF820047BA55 /* Resources */,
			);
			buildRules = (
			);
			dependencies = (
			);
			name = "MVVM-Practice2";
			productName = "MVVM-Practice2";
			productReference = 6BC48F341FE7BF820047BA55 /* MVVM-Practice2.app */;
			productType = "com.apple.product-type.application";
		};
/* End PBXNativeTarget section */

/* Begin PBXProject section */
		6BC48F2C1FE7BF820047BA55 /* Project object */ = {
			isa = PBXProject;
			attributes = {
				LastSwiftUpdateCheck = 0910;
				LastUpgradeCheck = 0910;
				ORGANIZATIONNAME = "liao yuhao";
				TargetAttributes = {
					6BC48F331FE7BF820047BA55 = {
						CreatedOnToolsVersion = 9.1;
						ProvisioningStyle = Automatic;
					};
				};
			};
			buildConfigurationList = 6BC48F2F1FE7BF820047BA55 /* Build configuration list for PBXProject "MVVM-Practice2" */;
			compatibilityVersion = "Xcode 8.0";
			developmentRegion = en;
			hasScannedForEncodings = 0;
			knownRegions = (
				en,
				Base,
			);
			mainGroup = 6BC48F2B1FE7BF820047BA55;
			productRefGroup = 6BC48F351FE7BF820047BA55 /* Products */;
			projectDirPath = "";
			projectRoot = "";
			targets = (
				6BC48F331FE7BF820047BA55 /* MVVM-Practice2 */,
			);
		};
/* End PBXProject section */

/* Begin PBXResourcesBuildPhase section */
		6BC48F321FE7BF820047BA55 /* Resources */ = {
			isa = PBXResourcesBuildPhase;
			buildActionMask = 2147483647;
			files = (
				6BC48F421FE7BF820047BA55 /* LaunchScreen.storyboard in Resources */,
				6BC48F3F1FE7BF820047BA55 /* Assets.xcassets in Resources */,
				6BC48F5A1FEE13B40047BA55 /* Theme.xcassets in Resources */,
				6BC48F521FE7C95E0047BA55 /* TodoItemCell.xib in Resources */,
				6BC48F3D1FE7BF820047BA55 /* Main.storyboard in Resources */,
			);
			runOnlyForDeploymentPostprocessing = 0;
		};
/* End PBXResourcesBuildPhase section */

/* Begin PBXSourcesBuildPhase section */
		6BC48F301FE7BF820047BA55 /* Sources */ = {
			isa = PBXSourcesBuildPhase;
			buildActionMask = 2147483647;
			files = (
				6BC48F4C1FE7C2AE0047BA55 /* TodoViewModel.swift in Sources */,
				6BC48F3A1FE7BF820047BA55 /* ViewController.swift in Sources */,
				6BC48F511FE7C95E0047BA55 /* TodoItemCell.swift in Sources */,
				6BC48F581FEE0C520047BA55 /* Protocal.swift in Sources */,
				6BC48F381FE7BF820047BA55 /* AppDelegate.swift in Sources */,
			);
			runOnlyForDeploymentPostprocessing = 0;
		};
/* End PBXSourcesBuildPhase section */

/* Begin PBXVariantGroup section */
		6BC48F3B1FE7BF820047BA55 /* Main.storyboard */ = {
			isa = PBXVariantGroup;
			children = (
				6BC48F3C1FE7BF820047BA55 /* Base */,
			);
			name = Main.storyboard;
			sourceTree = "<group>";
		};
		6BC48F401FE7BF820047BA55 /* LaunchScreen.storyboard */ = {
			isa = PBXVariantGroup;
			children = (
				6BC48F411FE7BF820047BA55 /* Base */,
			);
			name = LaunchScreen.storyboard;
			sourceTree = "<group>";
		};
/* End PBXVariantGroup section */

/* Begin XCBuildConfiguration section */
		6BC48F441FE7BF820047BA55 /* Debug */ = {
			isa = XCBuildConfiguration;
			buildSettings = {
				ALWAYS_SEARCH_USER_PATHS = NO;
				CLANG_ANALYZER_NONNULL = YES;
				CLANG_ANALYZER_NUMBER_OBJECT_CONVERSION = YES_AGGRESSIVE;
				CLANG_CXX_LANGUAGE_STANDARD = "gnu++14";
				CLANG_CXX_LIBRARY = "libc++";
				CLANG_ENABLE_MODULES = YES;
				CLANG_ENABLE_OBJC_ARC = YES;
				CLANG_WARN_BLOCK_CAPTURE_AUTORELEASING = YES;
				CLANG_WARN_BOOL_CONVERSION = YES;
				CLANG_WARN_COMMA = YES;
				CLANG_WARN_CONSTANT_CONVERSION = YES;
				CLANG_WARN_DIRECT_OBJC_ISA_USAGE = YES_ERROR;
				CLANG_WARN_DOCUMENTATION_COMMENTS = YES;
				CLANG_WARN_EMPTY_BODY = YES;
				CLANG_WARN_ENUM_CONVERSION = YES;
				CLANG_WARN_INFINITE_RECURSION = YES;
				CLANG_WARN_INT_CONVERSION = YES;
				CLANG_WARN_NON_LITERAL_NULL_CONVERSION = YES;
				CLANG_WARN_OBJC_LITERAL_CONVERSION = YES;
				CLANG_WARN_OBJC_ROOT_CLASS = YES_ERROR;
				CLANG_WARN_RANGE_LOOP_ANALYSIS = YES;
				CLANG_WARN_STRICT_PROTOTYPES = YES;
				CLANG_WARN_SUSPICIOUS_MOVE = YES;
				CLANG_WARN_UNGUARDED_AVAILABILITY = YES_AGGRESSIVE;
				CLANG_WARN_UNREACHABLE_CODE = YES;
				CLANG_WARN__DUPLICATE_METHOD_MATCH = YES;
				CODE_SIGN_IDENTITY = "iPhone Developer";
				COPY_PHASE_STRIP = NO;
				DEBUG_INFORMATION_FORMAT = dwarf;
				ENABLE_STRICT_OBJC_MSGSEND = YES;
				ENABLE_TESTABILITY = YES;
				GCC_C_LANGUAGE_STANDARD = gnu11;
				GCC_DYNAMIC_NO_PIC = NO;
				GCC_NO_COMMON_BLOCKS = YES;
				GCC_OPTIMIZATION_LEVEL = 0;
				GCC_PREPROCESSOR_DEFINITIONS = (
					"DEBUG=1",
					"$(inherited)",
				);
				GCC_WARN_64_TO_32_BIT_CONVERSION = YES;
				GCC_WARN_ABOUT_RETURN_TYPE = YES_ERROR;
				GCC_WARN_UNDECLARED_SELECTOR = YES;
				GCC_WARN_UNINITIALIZED_AUTOS = YES_AGGRESSIVE;
				GCC_WARN_UNUSED_FUNCTION = YES;
				GCC_WARN_UNUSED_VARIABLE = YES;
				IPHONEOS_DEPLOYMENT_TARGET = 11.1;
				MTL_ENABLE_DEBUG_INFO = YES;
				ONLY_ACTIVE_ARCH = YES;
				SDKROOT = iphoneos;
				SWIFT_ACTIVE_COMPILATION_CONDITIONS = DEBUG;
				SWIFT_OPTIMIZATION_LEVEL = "-Onone";
			};
			name = Debug;
		};
		6BC48F451FE7BF820047BA55 /* Release */ = {
			isa = XCBuildConfiguration;
			buildSettings = {
				ALWAYS_SEARCH_USER_PATHS = NO;
				CLANG_ANALYZER_NONNULL = YES;
				CLANG_ANALYZER_NUMBER_OBJECT_CONVERSION = YES_AGGRESSIVE;
				CLANG_CXX_LANGUAGE_STANDARD = "gnu++14";
				CLANG_CXX_LIBRARY = "libc++";
				CLANG_ENABLE_MODULES = YES;
				CLANG_ENABLE_OBJC_ARC = YES;
				CLANG_WARN_BLOCK_CAPTURE_AUTORELEASING = YES;
				CLANG_WARN_BOOL_CONVERSION = YES;
				CLANG_WARN_COMMA = YES;
				CLANG_WARN_CONSTANT_CONVERSION = YES;
				CLANG_WARN_DIRECT_OBJC_ISA_USAGE = YES_ERROR;
				CLANG_WARN_DOCUMENTATION_COMMENTS = YES;
				CLANG_WARN_EMPTY_BODY = YES;
				CLANG_WARN_ENUM_CONVERSION = YES;
				CLANG_WARN_INFINITE_RECURSION = YES;
				CLANG_WARN_INT_CONVERSION = YES;
				CLANG_WARN_NON_LITERAL_NULL_CONVERSION = YES;
				CLANG_WARN_OBJC_LITERAL_CONVERSION = YES;
				CLANG_WARN_OBJC_ROOT_CLASS = YES_ERROR;
				CLANG_WARN_RANGE_LOOP_ANALYSIS = YES;
				CLANG_WARN_STRICT_PROTOTYPES = YES;
				CLANG_WARN_SUSPICIOUS_MOVE = YES;
				CLANG_WARN_UNGUARDED_AVAILABILITY = YES_AGGRESSIVE;
				CLANG_WARN_UNREACHABLE_CODE = YES;
				CLANG_WARN__DUPLICATE_METHOD_MATCH = YES;
				CODE_SIGN_IDENTITY = "iPhone Developer";
				COPY_PHASE_STRIP = NO;
				DEBUG_INFORMATION_FORMAT = "dwarf-with-dsym";
				ENABLE_NS_ASSERTIONS = NO;
				ENABLE_STRICT_OBJC_MSGSEND = YES;
				GCC_C_LANGUAGE_STANDARD = gnu11;
				GCC_NO_COMMON_BLOCKS = YES;
				GCC_WARN_64_TO_32_BIT_CONVERSION = YES;
				GCC_WARN_ABOUT_RETURN_TYPE = YES_ERROR;
				GCC_WARN_UNDECLARED_SELECTOR = YES;
				GCC_WARN_UNINITIALIZED_AUTOS = YES_AGGRESSIVE;
				GCC_WARN_UNUSED_FUNCTION = YES;
				GCC_WARN_UNUSED_VARIABLE = YES;
				IPHONEOS_DEPLOYMENT_TARGET = 11.1;
				MTL_ENABLE_DEBUG_INFO = NO;
				SDKROOT = iphoneos;
				SWIFT_OPTIMIZATION_LEVEL = "-Owholemodule";
				VALIDATE_PRODUCT = YES;
			};
			name = Release;
		};
		6BC48F471FE7BF820047BA55 /* Debug */ = {
			isa = XCBuildConfiguration;
			buildSettings = {
				ASSETCATALOG_COMPILER_APPICON_NAME = AppIcon;
				CODE_SIGN_STYLE = Automatic;
				INFOPLIST_FILE = "$(SRCROOT)/MVVM-Practice2/System/Info.plist";
				LD_RUNPATH_SEARCH_PATHS = "$(inherited) @executable_path/Frameworks";
				PRODUCT_BUNDLE_IDENTIFIER = "com.liao-yuhao.ReactiveTest.MVVM-Practice2";
				PRODUCT_NAME = "$(TARGET_NAME)";
				SWIFT_VERSION = 4.0;
				TARGETED_DEVICE_FAMILY = "1,2";
			};
			name = Debug;
		};
		6BC48F481FE7BF820047BA55 /* Release */ = {
			isa = XCBuildConfiguration;
			buildSettings = {
				ASSETCATALOG_COMPILER_APPICON_NAME = AppIcon;
				CODE_SIGN_STYLE = Automatic;
				INFOPLIST_FILE = "$(SRCROOT)/MVVM-Practice2/System/Info.plist";
				LD_RUNPATH_SEARCH_PATHS = "$(inherited) @executable_path/Frameworks";
				PRODUCT_BUNDLE_IDENTIFIER = "com.liao-yuhao.ReactiveTest.MVVM-Practice2";
				PRODUCT_NAME = "$(TARGET_NAME)";
				SWIFT_VERSION = 4.0;
				TARGETED_DEVICE_FAMILY = "1,2";
			};
			name = Release;
		};
/* End XCBuildConfiguration section */

/* Begin XCConfigurationList section */
		6BC48F2F1FE7BF820047BA55 /* Build configuration list for PBXProject "MVVM-Practice2" */ = {
			isa = XCConfigurationList;
			buildConfigurations = (
				6BC48F441FE7BF820047BA55 /* Debug */,
				6BC48F451FE7BF820047BA55 /* Release */,
			);
			defaultConfigurationIsVisible = 0;
			defaultConfigurationName = Release;
		};
		6BC48F461FE7BF820047BA55 /* Build configuration list for PBXNativeTarget "MVVM-Practice2" */ = {
			isa = XCConfigurationList;
			buildConfigurations = (
				6BC48F471FE7BF820047BA55 /* Debug */,
				6BC48F481FE7BF820047BA55 /* Release */,
			);
			defaultConfigurationIsVisible = 0;
			defaultConfigurationName = Release;
		};
/* End XCConfigurationList section */
	};
	rootObject = 6BC48F2C1FE7BF820047BA55 /* Project object */;
}
